
Microsoft Visual Studio Solution File, Format Version 12.00
# Visual Studio Version 16
VisualStudioVersion = 16.0.29519.181
MinimumVisualStudioVersion = 10.0.40219.1
Project("{9A19103F-16F7-4668-BE54-9A1E7A4F7556}") = "VL.Video.MediaFoundation", "VL.Video.MediaFoundation.csproj", "{B6C0AE46-66B5-4054-A564-3D18F88DAD3D}"
EndProject
Global
	GlobalSection(SolutionConfigurationPlatforms) = preSolution
		Debug|Any CPU = Debug|Any CPU
		Release|Any CPU = Release|Any CPU
	EndGlobalSection
	GlobalSection(ProjectConfigurationPlatforms) = postSolution
		{B6C0AE46-66B5-4054-A564-3D18F88DAD3D}.Debug|Any CPU.ActiveCfg = Debug|Any CPU
		{B6C0AE46-66B5-4054-A564-3D18F88DAD3D}.Debug|Any CPU.Build.0 = Debug|Any CPU
		{B6C0AE46-66B5-4054-A564-3D18F88DAD3D}.Release|Any CPU.ActiveCfg = Release|Any CPU
		{B6C0AE46-66B5-4054-A564-3D18F88DAD3D}.Release|Any CPU.Build.0 = Release|Any CPU
	EndGlobalSection
	GlobalSection(SolutionProperties) = preSolution
		HideSolutionNode = FALSE
	EndGlobalSection
	GlobalSection(ExtensibilityGlobals) = postSolution
		SolutionGuid = {BC363232-3316-48BD-837B-AA72EED384EC}
	EndGlobalSection
EndGlobal
