
Microsoft Visual Studio Solution File, Format Version 12.00
# Visual Studio Version 16
VisualStudioVersion = 16.0.29519.181
MinimumVisualStudioVersion = 10.0.40219.1
Project("{9A19103F-16F7-4668-BE54-9A1E7A4F7556}") = "VL.Video.MediaFoundation", "VL.Video.MediaFoundation\VL.Video.MediaFoundation.csproj", "{CAEE6C9B-A5EE-43D2-88F4-0E8DA4E06C70}"
EndProject
Project("{9A19103F-16F7-4668-BE54-9A1E7A4F7556}") = "VL.Video.MediaFoundation.Skia", "VL.Video.MediaFoundation.Skia\VL.Video.MediaFoundation.Skia.csproj", "{13F241B9-9A85-4222-8C89-C032EA7FABB2}"
EndProject
Project("{9A19103F-16F7-4668-BE54-9A1E7A4F7556}") = "VL.Video.MediaFoundation.Stride", "VL.Video.MediaFoundation.Stride\VL.Video.MediaFoundation.Stride.csproj", "{0065CBA2-4512-42B3-ACEC-647B972AE338}"
EndProject
Project("{2150E333-8FDC-42A3-9474-1A3956D46DE8}") = "Solution Items", "Solution Items", "{4C3C4E99-58DD-48E1-ADE8-3BF0FF85756B}"
	ProjectSection(SolutionItems) = preProject
		Directory.Build.props = Directory.Build.props
	EndProjectSection
EndProject
Global
	GlobalSection(SolutionConfigurationPlatforms) = preSolution
		Debug|Any CPU = Debug|Any CPU
		Release|Any CPU = Release|Any CPU
	EndGlobalSection
	GlobalSection(ProjectConfigurationPlatforms) = postSolution
		{CAEE6C9B-A5EE-43D2-88F4-0E8DA4E06C70}.Debug|Any CPU.ActiveCfg = Debug|Any CPU
		{CAEE6C9B-A5EE-43D2-88F4-0E8DA4E06C70}.Debug|Any CPU.Build.0 = Debug|Any CPU
		{CAEE6C9B-A5EE-43D2-88F4-0E8DA4E06C70}.Release|Any CPU.ActiveCfg = Release|Any CPU
		{CAEE6C9B-A5EE-43D2-88F4-0E8DA4E06C70}.Release|Any CPU.Build.0 = Release|Any CPU
		{13F241B9-9A85-4222-8C89-C032EA7FABB2}.Debug|Any CPU.ActiveCfg = Debug|Any CPU
		{13F241B9-9A85-4222-8C89-C032EA7FABB2}.Debug|Any CPU.Build.0 = Debug|Any CPU
		{13F241B9-9A85-4222-8C89-C032EA7FABB2}.Release|Any CPU.ActiveCfg = Release|Any CPU
		{13F241B9-9A85-4222-8C89-C032EA7FABB2}.Release|Any CPU.Build.0 = Release|Any CPU
		{0065CBA2-4512-42B3-ACEC-647B972AE338}.Debug|Any CPU.ActiveCfg = Debug|Any CPU
		{0065CBA2-4512-42B3-ACEC-647B972AE338}.Debug|Any CPU.Build.0 = Debug|Any CPU
		{0065CBA2-4512-42B3-ACEC-647B972AE338}.Release|Any CPU.ActiveCfg = Release|Any CPU
		{0065CBA2-4512-42B3-ACEC-647B972AE338}.Release|Any CPU.Build.0 = Release|Any CPU
	EndGlobalSection
	GlobalSection(SolutionProperties) = preSolution
		HideSolutionNode = FALSE
	EndGlobalSection
	GlobalSection(ExtensibilityGlobals) = postSolution
		SolutionGuid = {BC363232-3316-48BD-837B-AA72EED384EC}
	EndGlobalSection
EndGlobal
